
Microsoft Visual Studio Solution File, Format Version 12.00
# Visual Studio Version 17
VisualStudioVersion = 17.5.002.0
MinimumVisualStudioVersion = 10.0.40219.1
Project("{9A19103F-16F7-4668-BE54-9A1E7A4F7556}") = "GamingBlog.API", "GamingBlog.API.csproj", "{82B8C7B6-C409-47FB-878D-924B050B4E88}"
EndProject
Global
	GlobalSection(SolutionConfigurationPlatforms) = preSolution
		Debug|Any CPU = Debug|Any CPU
		Release|Any CPU = Release|Any CPU
	EndGlobalSection
	GlobalSection(ProjectConfigurationPlatforms) = postSolution
		{82B8C7B6-C409-47FB-878D-924B050B4E88}.Debug|Any CPU.ActiveCfg = Debug|Any CPU
		{82B8C7B6-C409-47FB-878D-924B050B4E88}.Debug|Any CPU.Build.0 = Debug|Any CPU
		{82B8C7B6-C409-47FB-878D-924B050B4E88}.Release|Any CPU.ActiveCfg = Release|Any CPU
		{82B8C7B6-C409-47FB-878D-924B050B4E88}.Release|Any CPU.Build.0 = Release|Any CPU
	EndGlobalSection
	GlobalSection(SolutionProperties) = preSolution
		HideSolutionNode = FALSE
	EndGlobalSection
	GlobalSection(ExtensibilityGlobals) = postSolution
		SolutionGuid = {4FB2574A-458D-40A1-8E3A-58786F261C66}
	EndGlobalSection
EndGlobal
